
Microsoft Visual Studio Solution File, Format Version 12.00
# Visual Studio Version 17
VisualStudioVersion = 17.4.33213.308
MinimumVisualStudioVersion = 10.0.40219.1
Project("{9A19103F-16F7-4668-BE54-9A1E7A4F7556}") = "LyraSharp", "LyraSharp\LyraSharp.csproj", "{B293C800-A9E5-4C58-800F-94BFD48E1B84}"
EndProject
Project("{9A19103F-16F7-4668-BE54-9A1E7A4F7556}") = "LyraSharp.Sandbox", "LyraSharp.Sandbox\LyraSharp.Sandbox.csproj", "{316EC7B7-8B2F-4667-AF9D-B061322FDA4C}"
EndProject
Project("{9A19103F-16F7-4668-BE54-9A1E7A4F7556}") = "LyraSharp.Pipelines", "LyraSharp.Pipelines\LyraSharp.Pipelines.csproj", "{9427D190-37BD-452C-BF21-0ED58481F018}"
EndProject
Project("{9A19103F-16F7-4668-BE54-9A1E7A4F7556}") = "LyraSharp.Tests", "LyraSharp.Tests\LyraSharp.Tests.csproj", "{742F9E8A-1D9E-4952-888C-78821813D01D}"
EndProject
Project("{9A19103F-16F7-4668-BE54-9A1E7A4F7556}") = "TensorFlowLite", "TensorFlowLite\TensorFlowLite.csproj", "{8C887B43-1025-41D0-A0D3-8737703DCCD3}"
EndProject
Global
	GlobalSection(SolutionConfigurationPlatforms) = preSolution
		Debug|x64 = Debug|x64
		Release|x64 = Release|x64
	EndGlobalSection
	GlobalSection(ProjectConfigurationPlatforms) = postSolution
		{B293C800-A9E5-4C58-800F-94BFD48E1B84}.Debug|x64.ActiveCfg = Debug|Any CPU
		{B293C800-A9E5-4C58-800F-94BFD48E1B84}.Debug|x64.Build.0 = Debug|Any CPU
		{B293C800-A9E5-4C58-800F-94BFD48E1B84}.Release|x64.ActiveCfg = Release|Any CPU
		{B293C800-A9E5-4C58-800F-94BFD48E1B84}.Release|x64.Build.0 = Release|Any CPU
		{316EC7B7-8B2F-4667-AF9D-B061322FDA4C}.Debug|x64.ActiveCfg = Debug|Any CPU
		{316EC7B7-8B2F-4667-AF9D-B061322FDA4C}.Debug|x64.Build.0 = Debug|Any CPU
		{316EC7B7-8B2F-4667-AF9D-B061322FDA4C}.Release|x64.ActiveCfg = Release|Any CPU
		{316EC7B7-8B2F-4667-AF9D-B061322FDA4C}.Release|x64.Build.0 = Release|Any CPU
		{9427D190-37BD-452C-BF21-0ED58481F018}.Debug|x64.ActiveCfg = Debug|Any CPU
		{9427D190-37BD-452C-BF21-0ED58481F018}.Debug|x64.Build.0 = Debug|Any CPU
		{9427D190-37BD-452C-BF21-0ED58481F018}.Release|x64.ActiveCfg = Release|Any CPU
		{9427D190-37BD-452C-BF21-0ED58481F018}.Release|x64.Build.0 = Release|Any CPU
		{742F9E8A-1D9E-4952-888C-78821813D01D}.Debug|x64.ActiveCfg = Debug|Any CPU
		{742F9E8A-1D9E-4952-888C-78821813D01D}.Debug|x64.Build.0 = Debug|Any CPU
		{742F9E8A-1D9E-4952-888C-78821813D01D}.Release|x64.ActiveCfg = Release|Any CPU
		{742F9E8A-1D9E-4952-888C-78821813D01D}.Release|x64.Build.0 = Release|Any CPU
		{8C887B43-1025-41D0-A0D3-8737703DCCD3}.Debug|x64.ActiveCfg = Debug|x64
		{8C887B43-1025-41D0-A0D3-8737703DCCD3}.Debug|x64.Build.0 = Debug|x64
		{8C887B43-1025-41D0-A0D3-8737703DCCD3}.Release|x64.ActiveCfg = Release|x64
		{8C887B43-1025-41D0-A0D3-8737703DCCD3}.Release|x64.Build.0 = Release|x64
	EndGlobalSection
	GlobalSection(SolutionProperties) = preSolution
		HideSolutionNode = FALSE
	EndGlobalSection
	GlobalSection(ExtensibilityGlobals) = postSolution
		SolutionGuid = {830651BC-0BA8-4BD0-943F-8B540136AB17}
	EndGlobalSection
EndGlobal
